
Microsoft Visual Studio Solution File, Format Version 12.00
# Visual Studio Version 17
VisualStudioVersion = 17.7.34009.444
MinimumVisualStudioVersion = 10.0.40219.1
Project("{FAE04EC0-301F-11D3-BF4B-00C04F79EFBC}") = "ToDoSystem", "ToDoSystem\ToDoSystem.csproj", "{69F20764-5797-4B4F-B34F-4EAF395ED574}"
EndProject
Global
	GlobalSection(SolutionConfigurationPlatforms) = preSolution
		Debug|Any CPU = Debug|Any CPU
		Release|Any CPU = Release|Any CPU
	EndGlobalSection
	GlobalSection(ProjectConfigurationPlatforms) = postSolution
		{69F20764-5797-4B4F-B34F-4EAF395ED574}.Debug|Any CPU.ActiveCfg = Debug|Any CPU
		{69F20764-5797-4B4F-B34F-4EAF395ED574}.Debug|Any CPU.Build.0 = Debug|Any CPU
		{69F20764-5797-4B4F-B34F-4EAF395ED574}.Release|Any CPU.ActiveCfg = Release|Any CPU
		{69F20764-5797-4B4F-B34F-4EAF395ED574}.Release|Any CPU.Build.0 = Release|Any CPU
	EndGlobalSection
	GlobalSection(SolutionProperties) = preSolution
		HideSolutionNode = FALSE
	EndGlobalSection
	GlobalSection(ExtensibilityGlobals) = postSolution
		SolutionGuid = {AF0F1BDD-EBF8-429A-9530-15E48A3ABD16}
	EndGlobalSection
EndGlobal
